// !$*UTF8*$!
{
	archiveVersion = 1;
	classes = {
	};
	objectVersion = 55;
	objects = {

/* Begin PBXBuildFile section */
		2852451726FDC45B00D301EA /* Tests_iOS.swift in Sources */ = {isa = PBXBuildFile; fileRef = 2852451626FDC45B00D301EA /* Tests_iOS.swift */; };
		2852451926FDC45B00D301EA /* Tests_iOSLaunchTests.swift in Sources */ = {isa = PBXBuildFile; fileRef = 2852451826FDC45B00D301EA /* Tests_iOSLaunchTests.swift */; };
		2852452326FDC45B00D301EA /* Tests_macOS.swift in Sources */ = {isa = PBXBuildFile; fileRef = 2852452226FDC45B00D301EA /* Tests_macOS.swift */; };
		2852452526FDC45B00D301EA /* Tests_macOSLaunchTests.swift in Sources */ = {isa = PBXBuildFile; fileRef = 2852452426FDC45B00D301EA /* Tests_macOSLaunchTests.swift */; };
		2852452626FDC45B00D301EA /* AppscripHotelApp.swift in Sources */ = {isa = PBXBuildFile; fileRef = 285244FE26FDC45600D301EA /* AppscripHotelApp.swift */; };
		2852452726FDC45B00D301EA /* AppscripHotelApp.swift in Sources */ = {isa = PBXBuildFile; fileRef = 285244FE26FDC45600D301EA /* AppscripHotelApp.swift */; };
		2852452826FDC45B00D301EA /* ContentView.swift in Sources */ = {isa = PBXBuildFile; fileRef = 285244FF26FDC45600D301EA /* ContentView.swift */; };
		2852452926FDC45B00D301EA /* ContentView.swift in Sources */ = {isa = PBXBuildFile; fileRef = 285244FF26FDC45600D301EA /* ContentView.swift */; };
		2852452A26FDC45B00D301EA /* Assets.xcassets in Resources */ = {isa = PBXBuildFile; fileRef = 2852450026FDC45A00D301EA /* Assets.xcassets */; };
		2852452B26FDC45B00D301EA /* Assets.xcassets in Resources */ = {isa = PBXBuildFile; fileRef = 2852450026FDC45A00D301EA /* Assets.xcassets */; };
/* End PBXBuildFile section */

/* Begin PBXContainerItemProxy section */
		2852451326FDC45B00D301EA /* PBXContainerItemProxy */ = {
			isa = PBXContainerItemProxy;
			containerPortal = 285244F926FDC45500D301EA /* Project object */;
			proxyType = 1;
			remoteGlobalIDString = 2852450426FDC45A00D301EA;
			remoteInfo = "AppscripHotel (iOS)";
		};
		2852451F26FDC45B00D301EA /* PBXContainerItemProxy */ = {
			isa = PBXContainerItemProxy;
			containerPortal = 285244F926FDC45500D301EA /* Project object */;
			proxyType = 1;
			remoteGlobalIDString = 2852450A26FDC45B00D301EA;
			remoteInfo = "AppscripHotel (macOS)";
		};
/* End PBXContainerItemProxy section */

/* Begin PBXFileReference section */
		285244FE26FDC45600D301EA /* AppscripHotelApp.swift */ = {isa = PBXFileReference; lastKnownFileType = sourcecode.swift; path = AppscripHotelApp.swift; sourceTree = "<group>"; };
		285244FF26FDC45600D301EA /* ContentView.swift */ = {isa = PBXFileReference; lastKnownFileType = sourcecode.swift; path = ContentView.swift; sourceTree = "<group>"; };
		2852450026FDC45A00D301EA /* Assets.xcassets */ = {isa = PBXFileReference; lastKnownFileType = folder.assetcatalog; path = Assets.xcassets; sourceTree = "<group>"; };
		2852450526FDC45B00D301EA /* AppscripHotel.app */ = {isa = PBXFileReference; explicitFileType = wrapper.application; includeInIndex = 0; path = AppscripHotel.app; sourceTree = BUILT_PRODUCTS_DIR; };
		2852450B26FDC45B00D301EA /* AppscripHotel.app */ = {isa = PBXFileReference; explicitFileType = wrapper.application; includeInIndex = 0; path = AppscripHotel.app; sourceTree = BUILT_PRODUCTS_DIR; };
		2852450D26FDC45B00D301EA /* macOS.entitlements */ = {isa = PBXFileReference; lastKnownFileType = text.plist.entitlements; path = macOS.entitlements; sourceTree = "<group>"; };
		2852451226FDC45B00D301EA /* Tests iOS.xctest */ = {isa = PBXFileReference; explicitFileType = wrapper.cfbundle; includeInIndex = 0; path = "Tests iOS.xctest"; sourceTree = BUILT_PRODUCTS_DIR; };
		2852451626FDC45B00D301EA /* Tests_iOS.swift */ = {isa = PBXFileReference; lastKnownFileType = sourcecode.swift; path = Tests_iOS.swift; sourceTree = "<group>"; };
		2852451826FDC45B00D301EA /* Tests_iOSLaunchTests.swift */ = {isa = PBXFileReference; lastKnownFileType = sourcecode.swift; path = Tests_iOSLaunchTests.swift; sourceTree = "<group>"; };
		2852451E26FDC45B00D301EA /* Tests macOS.xctest */ = {isa = PBXFileReference; explicitFileType = wrapper.cfbundle; includeInIndex = 0; path = "Tests macOS.xctest"; sourceTree = BUILT_PRODUCTS_DIR; };
		2852452226FDC45B00D301EA /* Tests_macOS.swift */ = {isa = PBXFileReference; lastKnownFileType = sourcecode.swift; path = Tests_macOS.swift; sourceTree = "<group>"; };
		2852452426FDC45B00D301EA /* Tests_macOSLaunchTests.swift */ = {isa = PBXFileReference; lastKnownFileType = sourcecode.swift; path = Tests_macOSLaunchTests.swift; sourceTree = "<group>"; };
/* End PBXFileReference section */

/* Begin PBXFrameworksBuildPhase section */
		2852450226FDC45A00D301EA /* Frameworks */ = {
			isa = PBXFrameworksBuildPhase;
			buildActionMask = 2147483647;
			files = (
			);
			runOnlyForDeploymentPostprocessing = 0;
		};
		2852450826FDC45B00D301EA /* Frameworks */ = {
			isa = PBXFrameworksBuildPhase;
			buildActionMask = 2147483647;
			files = (
			);
			runOnlyForDeploymentPostprocessing = 0;
		};
		2852450F26FDC45B00D301EA /* Frameworks */ = {
			isa = PBXFrameworksBuildPhase;
			buildActionMask = 2147483647;
			files = (
			);
			runOnlyForDeploymentPostprocessing = 0;
		};
		2852451B26FDC45B00D301EA /* Frameworks */ = {
			isa = PBXFrameworksBuildPhase;
			buildActionMask = 2147483647;
			files = (
			);
			runOnlyForDeploymentPostprocessing = 0;
		};
/* End PBXFrameworksBuildPhase section */

/* Begin PBXGroup section */
		285244F826FDC45500D301EA = {
			isa = PBXGroup;
			children = (
				285244FD26FDC45600D301EA /* Shared */,
				2852450C26FDC45B00D301EA /* macOS */,
				2852451526FDC45B00D301EA /* Tests iOS */,
				2852452126FDC45B00D301EA /* Tests macOS */,
				2852450626FDC45B00D301EA /* Products */,
			);
			sourceTree = "<group>";
		};
		285244FD26FDC45600D301EA /* Shared */ = {
			isa = PBXGroup;
			children = (
				285244FE26FDC45600D301EA /* AppscripHotelApp.swift */,
				285244FF26FDC45600D301EA /* ContentView.swift */,
				2852450026FDC45A00D301EA /* Assets.xcassets */,
			);
			path = Shared;
			sourceTree = "<group>";
		};
		2852450626FDC45B00D301EA /* Products */ = {
			isa = PBXGroup;
			children = (
				2852450526FDC45B00D301EA /* AppscripHotel.app */,
				2852450B26FDC45B00D301EA /* AppscripHotel.app */,
				2852451226FDC45B00D301EA /* Tests iOS.xctest */,
				2852451E26FDC45B00D301EA /* Tests macOS.xctest */,
			);
			name = Products;
			sourceTree = "<group>";
		};
		2852450C26FDC45B00D301EA /* macOS */ = {
			isa = PBXGroup;
			children = (
				2852450D26FDC45B00D301EA /* macOS.entitlements */,
			);
			path = macOS;
			sourceTree = "<group>";
		};
		2852451526FDC45B00D301EA /* Tests iOS */ = {
			isa = PBXGroup;
			children = (
				2852451626FDC45B00D301EA /* Tests_iOS.swift */,
				2852451826FDC45B00D301EA /* Tests_iOSLaunchTests.swift */,
			);
			path = "Tests iOS";
			sourceTree = "<group>";
		};
		2852452126FDC45B00D301EA /* Tests macOS */ = {
			isa = PBXGroup;
			children = (
				2852452226FDC45B00D301EA /* Tests_macOS.swift */,
				2852452426FDC45B00D301EA /* Tests_macOSLaunchTests.swift */,
			);
			path = "Tests macOS";
			sourceTree = "<group>";
		};
/* End PBXGroup section */

/* Begin PBXNativeTarget section */
		2852450426FDC45A00D301EA /* AppscripHotel (iOS) */ = {
			isa = PBXNativeTarget;
			buildConfigurationList = 2852452E26FDC45B00D301EA /* Build configuration list for PBXNativeTarget "AppscripHotel (iOS)" */;
			buildPhases = (
				2852450126FDC45A00D301EA /* Sources */,
				2852450226FDC45A00D301EA /* Frameworks */,
				2852450326FDC45A00D301EA /* Resources */,
			);
			buildRules = (
			);
			dependencies = (
			);
			name = "AppscripHotel (iOS)";
			productName = "AppscripHotel (iOS)";
			productReference = 2852450526FDC45B00D301EA /* AppscripHotel.app */;
			productType = "com.apple.product-type.application";
		};
		2852450A26FDC45B00D301EA /* AppscripHotel (macOS) */ = {
			isa = PBXNativeTarget;
			buildConfigurationList = 2852453126FDC45B00D301EA /* Build configuration list for PBXNativeTarget "AppscripHotel (macOS)" */;
			buildPhases = (
				2852450726FDC45B00D301EA /* Sources */,
				2852450826FDC45B00D301EA /* Frameworks */,
				2852450926FDC45B00D301EA /* Resources */,
			);
			buildRules = (
			);
			dependencies = (
			);
			name = "AppscripHotel (macOS)";
			productName = "AppscripHotel (macOS)";
			productReference = 2852450B26FDC45B00D301EA /* AppscripHotel.app */;
			productType = "com.apple.product-type.application";
		};
		2852451126FDC45B00D301EA /* Tests iOS */ = {
			isa = PBXNativeTarget;
			buildConfigurationList = 2852453426FDC45B00D301EA /* Build configuration list for PBXNativeTarget "Tests iOS" */;
			buildPhases = (
				2852450E26FDC45B00D301EA /* Sources */,
				2852450F26FDC45B00D301EA /* Frameworks */,
				2852451026FDC45B00D301EA /* Resources */,
			);
			buildRules = (
			);
			dependencies = (
				2852451426FDC45B00D301EA /* PBXTargetDependency */,
			);
			name = "Tests iOS";
			productName = "Tests iOS";
			productReference = 2852451226FDC45B00D301EA /* Tests iOS.xctest */;
			productType = "com.apple.product-type.bundle.ui-testing";
		};
		2852451D26FDC45B00D301EA /* Tests macOS */ = {
			isa = PBXNativeTarget;
			buildConfigurationList = 2852453726FDC45B00D301EA /* Build configuration list for PBXNativeTarget "Tests macOS" */;
			buildPhases = (
				2852451A26FDC45B00D301EA /* Sources */,
				2852451B26FDC45B00D301EA /* Frameworks */,
				2852451C26FDC45B00D301EA /* Resources */,
			);
			buildRules = (
			);
			dependencies = (
				2852452026FDC45B00D301EA /* PBXTargetDependency */,
			);
			name = "Tests macOS";
			productName = "Tests macOS";
			productReference = 2852451E26FDC45B00D301EA /* Tests macOS.xctest */;
			productType = "com.apple.product-type.bundle.ui-testing";
		};
/* End PBXNativeTarget section */

/* Begin PBXProject section */
		285244F926FDC45500D301EA /* Project object */ = {
			isa = PBXProject;
			attributes = {
				BuildIndependentTargetsInParallel = 1;
				LastSwiftUpdateCheck = 1300;
				LastUpgradeCheck = 1300;
				TargetAttributes = {
					2852450426FDC45A00D301EA = {
						CreatedOnToolsVersion = 13.0;
					};
					2852450A26FDC45B00D301EA = {
						CreatedOnToolsVersion = 13.0;
					};
					2852451126FDC45B00D301EA = {
						CreatedOnToolsVersion = 13.0;
						TestTargetID = 2852450426FDC45A00D301EA;
					};
					2852451D26FDC45B00D301EA = {
						CreatedOnToolsVersion = 13.0;
						TestTargetID = 2852450A26FDC45B00D301EA;
					};
				};
			};
			buildConfigurationList = 285244FC26FDC45500D301EA /* Build configuration list for PBXProject "AppscripHotel" */;
			compatibilityVersion = "Xcode 13.0";
			developmentRegion = en;
			hasScannedForEncodings = 0;
			knownRegions = (
				en,
				Base,
			);
			mainGroup = 285244F826FDC45500D301EA;
			productRefGroup = 2852450626FDC45B00D301EA /* Products */;
			projectDirPath = "";
			projectRoot = "";
			targets = (
				2852450426FDC45A00D301EA /* AppscripHotel (iOS) */,
				2852450A26FDC45B00D301EA /* AppscripHotel (macOS) */,
				2852451126FDC45B00D301EA /* Tests iOS */,
				2852451D26FDC45B00D301EA /* Tests macOS */,
			);
		};
/* End PBXProject section */

/* Begin PBXResourcesBuildPhase section */
		2852450326FDC45A00D301EA /* Resources */ = {
			isa = PBXResourcesBuildPhase;
			buildActionMask = 2147483647;
			files = (
				2852452A26FDC45B00D301EA /* Assets.xcassets in Resources */,
			);
			runOnlyForDeploymentPostprocessing = 0;
		};
		2852450926FDC45B00D301EA /* Resources */ = {
			isa = PBXResourcesBuildPhase;
			buildActionMask = 2147483647;
			files = (
				2852452B26FDC45B00D301EA /* Assets.xcassets in Resources */,
			);
			runOnlyForDeploymentPostprocessing = 0;
		};
		2852451026FDC45B00D301EA /* Resources */ = {
			isa = PBXResourcesBuildPhase;
			buildActionMask = 2147483647;
			files = (
			);
			runOnlyForDeploymentPostprocessing = 0;
		};
		2852451C26FDC45B00D301EA /* Resources */ = {
			isa = PBXResourcesBuildPhase;
			buildActionMask = 2147483647;
			files = (
			);
			runOnlyForDeploymentPostprocessing = 0;
		};
/* End PBXResourcesBuildPhase section */

/* Begin PBXSourcesBuildPhase section */
		2852450126FDC45A00D301EA /* Sources */ = {
			isa = PBXSourcesBuildPhase;
			buildActionMask = 2147483647;
			files = (
				2852452826FDC45B00D301EA /* ContentView.swift in Sources */,
				2852452626FDC45B00D301EA /* AppscripHotelApp.swift in Sources */,
			);
			runOnlyForDeploymentPostprocessing = 0;
		};
		2852450726FDC45B00D301EA /* Sources */ = {
			isa = PBXSourcesBuildPhase;
			buildActionMask = 2147483647;
			files = (
				2852452926FDC45B00D301EA /* ContentView.swift in Sources */,
				2852452726FDC45B00D301EA /* AppscripHotelApp.swift in Sources */,
			);
			runOnlyForDeploymentPostprocessing = 0;
		};
		2852450E26FDC45B00D301EA /* Sources */ = {
			isa = PBXSourcesBuildPhase;
			buildActionMask = 2147483647;
			files = (
				2852451926FDC45B00D301EA /* Tests_iOSLaunchTests.swift in Sources */,
				2852451726FDC45B00D301EA /* Tests_iOS.swift in Sources */,
			);
			runOnlyForDeploymentPostprocessing = 0;
		};
		2852451A26FDC45B00D301EA /* Sources */ = {
			isa = PBXSourcesBuildPhase;
			buildActionMask = 2147483647;
			files = (
				2852452526FDC45B00D301EA /* Tests_macOSLaunchTests.swift in Sources */,
				2852452326FDC45B00D301EA /* Tests_macOS.swift in Sources */,
			);
			runOnlyForDeploymentPostprocessing = 0;
		};
/* End PBXSourcesBuildPhase section */

/* Begin PBXTargetDependency section */
		2852451426FDC45B00D301EA /* PBXTargetDependency */ = {
			isa = PBXTargetDependency;
			target = 2852450426FDC45A00D301EA /* AppscripHotel (iOS) */;
			targetProxy = 2852451326FDC45B00D301EA /* PBXContainerItemProxy */;
		};
		2852452026FDC45B00D301EA /* PBXTargetDependency */ = {
			isa = PBXTargetDependency;
			target = 2852450A26FDC45B00D301EA /* AppscripHotel (macOS) */;
			targetProxy = 2852451F26FDC45B00D301EA /* PBXContainerItemProxy */;
		};
/* End PBXTargetDependency section */

/* Begin XCBuildConfiguration section */
		2852452C26FDC45B00D301EA /* Debug */ = {
			isa = XCBuildConfiguration;
			buildSettings = {
				ALWAYS_SEARCH_USER_PATHS = NO;
				CLANG_ANALYZER_NONNULL = YES;
				CLANG_ANALYZER_NUMBER_OBJECT_CONVERSION = YES_AGGRESSIVE;
				CLANG_CXX_LANGUAGE_STANDARD = "gnu++17";
				CLANG_CXX_LIBRARY = "libc++";
				CLANG_ENABLE_MODULES = YES;
				CLANG_ENABLE_OBJC_ARC = YES;
				CLANG_ENABLE_OBJC_WEAK = YES;
				CLANG_WARN_BLOCK_CAPTURE_AUTORELEASING = YES;
				CLANG_WARN_BOOL_CONVERSION = YES;
				CLANG_WARN_COMMA = YES;
				CLANG_WARN_CONSTANT_CONVERSION = YES;
				CLANG_WARN_DEPRECATED_OBJC_IMPLEMENTATIONS = YES;
				CLANG_WARN_DIRECT_OBJC_ISA_USAGE = YES_ERROR;
				CLANG_WARN_DOCUMENTATION_COMMENTS = YES;
				CLANG_WARN_EMPTY_BODY = YES;
				CLANG_WARN_ENUM_CONVERSION = YES;
				CLANG_WARN_INFINITE_RECURSION = YES;
				CLANG_WARN_INT_CONVERSION = YES;
				CLANG_WARN_NON_LITERAL_NULL_CONVERSION = YES;
				CLANG_WARN_OBJC_IMPLICIT_RETAIN_SELF = YES;
				CLANG_WARN_OBJC_LITERAL_CONVERSION = YES;
				CLANG_WARN_OBJC_ROOT_CLASS = YES_ERROR;
				CLANG_WARN_QUOTED_INCLUDE_IN_FRAMEWORK_HEADER = YES;
				CLANG_WARN_RANGE_LOOP_ANALYSIS = YES;
				CLANG_WARN_STRICT_PROTOTYPES = YES;
				CLANG_WARN_SUSPICIOUS_MOVE = YES;
				CLANG_WARN_UNGUARDED_AVAILABILITY = YES_AGGRESSIVE;
				CLANG_WARN_UNREACHABLE_CODE = YES;
				CLANG_WARN__DUPLICATE_METHOD_MATCH = YES;
				COPY_PHASE_STRIP = NO;
				DEBUG_INFORMATION_FORMAT = dwarf;
				ENABLE_STRICT_OBJC_MSGSEND = YES;
				ENABLE_TESTABILITY = YES;
				GCC_C_LANGUAGE_STANDARD = gnu11;
				GCC_DYNAMIC_NO_PIC = NO;
				GCC_NO_COMMON_BLOCKS = YES;
				GCC_OPTIMIZATION_LEVEL = 0;
				GCC_PREPROCESSOR_DEFINITIONS = (
					"DEBUG=1",
					"$(inherited)",
				);
				GCC_WARN_64_TO_32_BIT_CONVERSION = YES;
				GCC_WARN_ABOUT_RETURN_TYPE = YES_ERROR;
				GCC_WARN_UNDECLARED_SELECTOR = YES;
				GCC_WARN_UNINITIALIZED_AUTOS = YES_AGGRESSIVE;
				GCC_WARN_UNUSED_FUNCTION = YES;
				GCC_WARN_UNUSED_VARIABLE = YES;
				MTL_ENABLE_DEBUG_INFO = INCLUDE_SOURCE;
				MTL_FAST_MATH = YES;
				ONLY_ACTIVE_ARCH = YES;
				SWIFT_ACTIVE_COMPILATION_CONDITIONS = DEBUG;
				SWIFT_OPTIMIZATION_LEVEL = "-Onone";
			};
			name = Debug;
		};
		2852452D26FDC45B00D301EA /* Release */ = {
			isa = XCBuildConfiguration;
			buildSettings = {
				ALWAYS_SEARCH_USER_PATHS = NO;
				CLANG_ANALYZER_NONNULL = YES;
				CLANG_ANALYZER_NUMBER_OBJECT_CONVERSION = YES_AGGRESSIVE;
				CLANG_CXX_LANGUAGE_STANDARD = "gnu++17";
				CLANG_CXX_LIBRARY = "libc++";
				CLANG_ENABLE_MODULES = YES;
				CLANG_ENABLE_OBJC_ARC = YES;
				CLANG_ENABLE_OBJC_WEAK = YES;
				CLANG_WARN_BLOCK_CAPTURE_AUTORELEASING = YES;
				CLANG_WARN_BOOL_CONVERSION = YES;
				CLANG_WARN_COMMA = YES;
				CLANG_WARN_CONSTANT_CONVERSION = YES;
				CLANG_WARN_DEPRECATED_OBJC_IMPLEMENTATIONS = YES;
				CLANG_WARN_DIRECT_OBJC_ISA_USAGE = YES_ERROR;
				CLANG_WARN_DOCUMENTATION_COMMENTS = YES;
				CLANG_WARN_EMPTY_BODY = YES;
				CLANG_WARN_ENUM_CONVERSION = YES;
				CLANG_WARN_INFINITE_RECURSION = YES;
				CLANG_WARN_INT_CONVERSION = YES;
				CLANG_WARN_NON_LITERAL_NULL_CONVERSION = YES;
				CLANG_WARN_OBJC_IMPLICIT_RETAIN_SELF = YES;
				CLANG_WARN_OBJC_LITERAL_CONVERSION = YES;
				CLANG_WARN_OBJC_ROOT_CLASS = YES_ERROR;
				CLANG_WARN_QUOTED_INCLUDE_IN_FRAMEWORK_HEADER = YES;
				CLANG_WARN_RANGE_LOOP_ANALYSIS = YES;
				CLANG_WARN_STRICT_PROTOTYPES = YES;
				CLANG_WARN_SUSPICIOUS_MOVE = YES;
				CLANG_WARN_UNGUARDED_AVAILABILITY = YES_AGGRESSIVE;
				CLANG_WARN_UNREACHABLE_CODE = YES;
				CLANG_WARN__DUPLICATE_METHOD_MATCH = YES;
				COPY_PHASE_STRIP = NO;
				DEBUG_INFORMATION_FORMAT = "dwarf-with-dsym";
				ENABLE_NS_ASSERTIONS = NO;
				ENABLE_STRICT_OBJC_MSGSEND = YES;
				GCC_C_LANGUAGE_STANDARD = gnu11;
				GCC_NO_COMMON_BLOCKS = YES;
				GCC_WARN_64_TO_32_BIT_CONVERSION = YES;
				GCC_WARN_ABOUT_RETURN_TYPE = YES_ERROR;
				GCC_WARN_UNDECLARED_SELECTOR = YES;
				GCC_WARN_UNINITIALIZED_AUTOS = YES_AGGRESSIVE;
				GCC_WARN_UNUSED_FUNCTION = YES;
				GCC_WARN_UNUSED_VARIABLE = YES;
				MTL_ENABLE_DEBUG_INFO = NO;
				MTL_FAST_MATH = YES;
				SWIFT_COMPILATION_MODE = wholemodule;
				SWIFT_OPTIMIZATION_LEVEL = "-O";
			};
			name = Release;
		};
		2852452F26FDC45B00D301EA /* Debug */ = {
			isa = XCBuildConfiguration;
			buildSettings = {
				ASSETCATALOG_COMPILER_APPICON_NAME = AppIcon;
				ASSETCATALOG_COMPILER_GLOBAL_ACCENT_COLOR_NAME = AccentColor;
				CODE_SIGN_STYLE = Automatic;
				CURRENT_PROJECT_VERSION = 1;
				ENABLE_PREVIEWS = YES;
				GENERATE_INFOPLIST_FILE = YES;
				INFOPLIST_KEY_UIApplicationSceneManifest_Generation = YES;
				INFOPLIST_KEY_UIApplicationSupportsIndirectInputEvents = YES;
				INFOPLIST_KEY_UILaunchScreen_Generation = YES;
				INFOPLIST_KEY_UISupportedInterfaceOrientations_iPad = "UIInterfaceOrientationPortrait UIInterfaceOrientationPortraitUpsideDown UIInterfaceOrientationLandscapeLeft UIInterfaceOrientationLandscapeRight";
				INFOPLIST_KEY_UISupportedInterfaceOrientations_iPhone = "UIInterfaceOrientationPortrait UIInterfaceOrientationLandscapeLeft UIInterfaceOrientationLandscapeRight";
				IPHONEOS_DEPLOYMENT_TARGET = 14.0;
				LD_RUNPATH_SEARCH_PATHS = (
					"$(inherited)",
					"@executable_path/Frameworks",
				);
				MARKETING_VERSION = 1.0;
				PRODUCT_BUNDLE_IDENTIFIER = Abhilash.AppscripHotel;
				PRODUCT_NAME = AppscripHotel;
				SDKROOT = iphoneos;
				SWIFT_EMIT_LOC_STRINGS = YES;
				SWIFT_VERSION = 5.0;
				TARGETED_DEVICE_FAMILY = "1,2";
			};
			name = Debug;
		};
		2852453026FDC45B00D301EA /* Release */ = {
			isa = XCBuildConfiguration;
			buildSettings = {
				ASSETCATALOG_COMPILER_APPICON_NAME = AppIcon;
				ASSETCATALOG_COMPILER_GLOBAL_ACCENT_COLOR_NAME = AccentColor;
				CODE_SIGN_STYLE = Automatic;
				CURRENT_PROJECT_VERSION = 1;
				ENABLE_PREVIEWS = YES;
				GENERATE_INFOPLIST_FILE = YES;
				INFOPLIST_KEY_UIApplicationSceneManifest_Generation = YES;
				INFOPLIST_KEY_UIApplicationSupportsIndirectInputEvents = YES;
				INFOPLIST_KEY_UILaunchScreen_Generation = YES;
				INFOPLIST_KEY_UISupportedInterfaceOrientations_iPad = "UIInterfaceOrientationPortrait UIInterfaceOrientationPortraitUpsideDown UIInterfaceOrientationLandscapeLeft UIInterfaceOrientationLandscapeRight";
				INFOPLIST_KEY_UISupportedInterfaceOrientations_iPhone = "UIInterfaceOrientationPortrait UIInterfaceOrientationLandscapeLeft UIInterfaceOrientationLandscapeRight";
				IPHONEOS_DEPLOYMENT_TARGET = 14.0;
				LD_RUNPATH_SEARCH_PATHS = (
					"$(inherited)",
					"@executable_path/Frameworks",
				);
				MARKETING_VERSION = 1.0;
				PRODUCT_BUNDLE_IDENTIFIER = Abhilash.AppscripHotel;
				PRODUCT_NAME = AppscripHotel;
				SDKROOT = iphoneos;
				SWIFT_EMIT_LOC_STRINGS = YES;
				SWIFT_VERSION = 5.0;
				TARGETED_DEVICE_FAMILY = "1,2";
				VALIDATE_PRODUCT = YES;
			};
			name = Release;
		};
		2852453226FDC45B00D301EA /* Debug */ = {
			isa = XCBuildConfiguration;
			buildSettings = {
				ASSETCATALOG_COMPILER_APPICON_NAME = AppIcon;
				ASSETCATALOG_COMPILER_GLOBAL_ACCENT_COLOR_NAME = AccentColor;
				CODE_SIGN_ENTITLEMENTS = macOS/macOS.entitlements;
				CODE_SIGN_STYLE = Automatic;
				COMBINE_HIDPI_IMAGES = YES;
				CURRENT_PROJECT_VERSION = 1;
				ENABLE_PREVIEWS = YES;
				GENERATE_INFOPLIST_FILE = YES;
				INFOPLIST_KEY_NSHumanReadableCopyright = "";
				LD_RUNPATH_SEARCH_PATHS = (
					"$(inherited)",
					"@executable_path/../Frameworks",
				);
				MACOSX_DEPLOYMENT_TARGET = 11.0;
				MARKETING_VERSION = 1.0;
				PRODUCT_BUNDLE_IDENTIFIER = Abhilash.AppscripHotel;
				PRODUCT_NAME = AppscripHotel;
				SDKROOT = macosx;
				SWIFT_EMIT_LOC_STRINGS = YES;
				SWIFT_VERSION = 5.0;
			};
			name = Debug;
		};
		2852453326FDC45B00D301EA /* Release */ = {
			isa = XCBuildConfiguration;
			buildSettings = {
				ASSETCATALOG_COMPILER_APPICON_NAME = AppIcon;
				ASSETCATALOG_COMPILER_GLOBAL_ACCENT_COLOR_NAME = AccentColor;
				CODE_SIGN_ENTITLEMENTS = macOS/macOS.entitlements;
				CODE_SIGN_STYLE = Automatic;
				COMBINE_HIDPI_IMAGES = YES;
				CURRENT_PROJECT_VERSION = 1;
				ENABLE_PREVIEWS = YES;
				GENERATE_INFOPLIST_FILE = YES;
				INFOPLIST_KEY_NSHumanReadableCopyright = "";
				LD_RUNPATH_SEARCH_PATHS = (
					"$(inherited)",
					"@executable_path/../Frameworks",
				);
				MACOSX_DEPLOYMENT_TARGET = 11.0;
				MARKETING_VERSION = 1.0;
				PRODUCT_BUNDLE_IDENTIFIER = Abhilash.AppscripHotel;
				PRODUCT_NAME = AppscripHotel;
				SDKROOT = macosx;
				SWIFT_EMIT_LOC_STRINGS = YES;
				SWIFT_VERSION = 5.0;
			};
			name = Release;
		};
		2852453526FDC45B00D301EA /* Debug */ = {
			isa = XCBuildConfiguration;
			buildSettings = {
				ALWAYS_EMBED_SWIFT_STANDARD_LIBRARIES = YES;
				CODE_SIGN_STYLE = Automatic;
				CURRENT_PROJECT_VERSION = 1;
				GENERATE_INFOPLIST_FILE = YES;
				IPHONEOS_DEPLOYMENT_TARGET = 15.0;
				LD_RUNPATH_SEARCH_PATHS = (
					"$(inherited)",
					"@executable_path/Frameworks",
					"@loader_path/Frameworks",
				);
				MARKETING_VERSION = 1.0;
				PRODUCT_BUNDLE_IDENTIFIER = "Abhilash.Tests-iOS";
				PRODUCT_NAME = "$(TARGET_NAME)";
				SDKROOT = iphoneos;
				SWIFT_EMIT_LOC_STRINGS = NO;
				SWIFT_VERSION = 5.0;
				TARGETED_DEVICE_FAMILY = "1,2";
				TEST_TARGET_NAME = "AppscripHotel (iOS)";
			};
			name = Debug;
		};
		2852453626FDC45B00D301EA /* Release */ = {
			isa = XCBuildConfiguration;
			buildSettings = {
				ALWAYS_EMBED_SWIFT_STANDARD_LIBRARIES = YES;
				CODE_SIGN_STYLE = Automatic;
				CURRENT_PROJECT_VERSION = 1;
				GENERATE_INFOPLIST_FILE = YES;
				IPHONEOS_DEPLOYMENT_TARGET = 15.0;
				LD_RUNPATH_SEARCH_PATHS = (
					"$(inherited)",
					"@executable_path/Frameworks",
					"@loader_path/Frameworks",
				);
				MARKETING_VERSION = 1.0;
				PRODUCT_BUNDLE_IDENTIFIER = "Abhilash.Tests-iOS";
				PRODUCT_NAME = "$(TARGET_NAME)";
				SDKROOT = iphoneos;
				SWIFT_EMIT_LOC_STRINGS = NO;
				SWIFT_VERSION = 5.0;
				TARGETED_DEVICE_FAMILY = "1,2";
				TEST_TARGET_NAME = "AppscripHotel (iOS)";
				VALIDATE_PRODUCT = YES;
			};
			name = Release;
		};
		2852453826FDC45B00D301EA /* Debug */ = {
			isa = XCBuildConfiguration;
			buildSettings = {
				ALWAYS_EMBED_SWIFT_STANDARD_LIBRARIES = YES;
				CODE_SIGN_STYLE = Automatic;
				COMBINE_HIDPI_IMAGES = YES;
				CURRENT_PROJECT_VERSION = 1;
				GENERATE_INFOPLIST_FILE = YES;
				LD_RUNPATH_SEARCH_PATHS = (
					"$(inherited)",
					"@executable_path/../Frameworks",
					"@loader_path/../Frameworks",
				);
				MACOSX_DEPLOYMENT_TARGET = 11.3;
				MARKETING_VERSION = 1.0;
				PRODUCT_BUNDLE_IDENTIFIER = "Abhilash.Tests-macOS";
				PRODUCT_NAME = "$(TARGET_NAME)";
				SDKROOT = macosx;
				SWIFT_EMIT_LOC_STRINGS = NO;
				SWIFT_VERSION = 5.0;
				TEST_TARGET_NAME = "AppscripHotel (macOS)";
			};
			name = Debug;
		};
		2852453926FDC45B00D301EA /* Release */ = {
			isa = XCBuildConfiguration;
			buildSettings = {
				ALWAYS_EMBED_SWIFT_STANDARD_LIBRARIES = YES;
				CODE_SIGN_STYLE = Automatic;
				COMBINE_HIDPI_IMAGES = YES;
				CURRENT_PROJECT_VERSION = 1;
				GENERATE_INFOPLIST_FILE = YES;
				LD_RUNPATH_SEARCH_PATHS = (
					"$(inherited)",
					"@executable_path/../Frameworks",
					"@loader_path/../Frameworks",
				);
				MACOSX_DEPLOYMENT_TARGET = 11.3;
				MARKETING_VERSION = 1.0;
				PRODUCT_BUNDLE_IDENTIFIER = "Abhilash.Tests-macOS";
				PRODUCT_NAME = "$(TARGET_NAME)";
				SDKROOT = macosx;
				SWIFT_EMIT_LOC_STRINGS = NO;
				SWIFT_VERSION = 5.0;
				TEST_TARGET_NAME = "AppscripHotel (macOS)";
			};
			name = Release;
		};
/* End XCBuildConfiguration section */

/* Begin XCConfigurationList section */
		285244FC26FDC45500D301EA /* Build configuration list for PBXProject "AppscripHotel" */ = {
			isa = XCConfigurationList;
			buildConfigurations = (
				2852452C26FDC45B00D301EA /* Debug */,
				2852452D26FDC45B00D301EA /* Release */,
			);
			defaultConfigurationIsVisible = 0;
			defaultConfigurationName = Release;
		};
		2852452E26FDC45B00D301EA /* Build configuration list for PBXNativeTarget "AppscripHotel (iOS)" */ = {
			isa = XCConfigurationList;
			buildConfigurations = (
				2852452F26FDC45B00D301EA /* Debug */,
				2852453026FDC45B00D301EA /* Release */,
			);
			defaultConfigurationIsVisible = 0;
			defaultConfigurationName = Release;
		};
		2852453126FDC45B00D301EA /* Build configuration list for PBXNativeTarget "AppscripHotel (macOS)" */ = {
			isa = XCConfigurationList;
			buildConfigurations = (
				2852453226FDC45B00D301EA /* Debug */,
				2852453326FDC45B00D301EA /* Release */,
			);
			defaultConfigurationIsVisible = 0;
			defaultConfigurationName = Release;
		};
		2852453426FDC45B00D301EA /* Build configuration list for PBXNativeTarget "Tests iOS" */ = {
			isa = XCConfigurationList;
			buildConfigurations = (
				2852453526FDC45B00D301EA /* Debug */,
				2852453626FDC45B00D301EA /* Release */,
			);
			defaultConfigurationIsVisible = 0;
			defaultConfigurationName = Release;
		};
		2852453726FDC45B00D301EA /* Build configuration list for PBXNativeTarget "Tests macOS" */ = {
			isa = XCConfigurationList;
			buildConfigurations = (
				2852453826FDC45B00D301EA /* Debug */,
				2852453926FDC45B00D301EA /* Release */,
			);
			defaultConfigurationIsVisible = 0;
			defaultConfigurationName = Release;
		};
/* End XCConfigurationList section */
	};
	rootObject = 285244F926FDC45500D301EA /* Project object */;
}
